# THIS IS AN AUTOGENERATED FILE. DO NOT EDIT THIS FILE DIRECTLY.
# yarn lockfile v1


"@types/node@^13.1.6":
  version "13.1.6"
  resolved "https://registry.yarnpkg.com/@types/node/-/node-13.1.6.tgz#076028d0b0400be8105b89a0a55550c86684ffec"
  integrity sha512-Jg1F+bmxcpENHP23sVKkNuU3uaxPnsBMW0cLjleiikFKomJQbsn0Cqk2yDvQArqzZN6ABfBkZ0To7pQ8sLdWDg==

typescript@^3.8.0-beta:
  version "3.8.0-beta"
  resolved "https://registry.yarnpkg.com/typescript/-/typescript-3.8.0-beta.tgz#acdcaf9f24c7e20b1ff0a6329d1e8d63691e2e13"
  integrity sha512-mQEmQUJg0CQBhf/GSVnGscKv/jrKsrLxE01AhdjYmBNoXX2Iah3i38ufxXByXacK6Fc5Nr9oMz7MjpjgddiknA==
